
Microsoft Visual Studio Solution File, Format Version 12.00
# Visual Studio 15
VisualStudioVersion = 15.0.28010.2003
MinimumVisualStudioVersion = 10.0.40219.1
Project("{FAE04EC0-301F-11D3-BF4B-00C04F79EFBC}") = "PSUtil", "PSUtil\PSUtil.csproj", "{12C1752E-83B5-4085-8610-7F9BF92684AB}"
EndProject
Project("{FAE04EC0-301F-11D3-BF4B-00C04F79EFBC}") = "DEMO", "DEMO\DEMO.csproj", "{5176210B-4E03-4D02-BCC8-96247E87A1ED}"
EndProject
Project("{FAE04EC0-301F-11D3-BF4B-00C04F79EFBC}") = "LauncherExample", "LauncherExample\LauncherExample.csproj", "{874C9375-77DF-4896-9C0F-92F6AA0481C5}"
EndProject
Project("{FAE04EC0-301F-11D3-BF4B-00C04F79EFBC}") = "ServerVerificationTest", "ServerVerificationTest\ServerVerificationTest.csproj", "{9D2A62D5-5DE8-415B-91C3-9D1D9D32061A}"
EndProject
Global
	GlobalSection(SolutionConfigurationPlatforms) = preSolution
		Debug|Any CPU = Debug|Any CPU
		Release|Any CPU = Release|Any CPU
	EndGlobalSection
	GlobalSection(ProjectConfigurationPlatforms) = postSolution
		{12C1752E-83B5-4085-8610-7F9BF92684AB}.Debug|Any CPU.ActiveCfg = Debug|Any CPU
		{12C1752E-83B5-4085-8610-7F9BF92684AB}.Debug|Any CPU.Build.0 = Debug|Any CPU
		{12C1752E-83B5-4085-8610-7F9BF92684AB}.Release|Any CPU.ActiveCfg = Release|Any CPU
		{12C1752E-83B5-4085-8610-7F9BF92684AB}.Release|Any CPU.Build.0 = Release|Any CPU
		{5176210B-4E03-4D02-BCC8-96247E87A1ED}.Debug|Any CPU.ActiveCfg = Debug|Any CPU
		{5176210B-4E03-4D02-BCC8-96247E87A1ED}.Debug|Any CPU.Build.0 = Debug|Any CPU
		{5176210B-4E03-4D02-BCC8-96247E87A1ED}.Release|Any CPU.ActiveCfg = Release|Any CPU
		{5176210B-4E03-4D02-BCC8-96247E87A1ED}.Release|Any CPU.Build.0 = Release|Any CPU
		{874C9375-77DF-4896-9C0F-92F6AA0481C5}.Debug|Any CPU.ActiveCfg = Debug|Any CPU
		{874C9375-77DF-4896-9C0F-92F6AA0481C5}.Debug|Any CPU.Build.0 = Debug|Any CPU
		{874C9375-77DF-4896-9C0F-92F6AA0481C5}.Release|Any CPU.ActiveCfg = Release|Any CPU
		{874C9375-77DF-4896-9C0F-92F6AA0481C5}.Release|Any CPU.Build.0 = Release|Any CPU
		{9D2A62D5-5DE8-415B-91C3-9D1D9D32061A}.Debug|Any CPU.ActiveCfg = Debug|Any CPU
		{9D2A62D5-5DE8-415B-91C3-9D1D9D32061A}.Debug|Any CPU.Build.0 = Debug|Any CPU
		{9D2A62D5-5DE8-415B-91C3-9D1D9D32061A}.Release|Any CPU.ActiveCfg = Release|Any CPU
		{9D2A62D5-5DE8-415B-91C3-9D1D9D32061A}.Release|Any CPU.Build.0 = Release|Any CPU
	EndGlobalSection
	GlobalSection(SolutionProperties) = preSolution
		HideSolutionNode = FALSE
	EndGlobalSection
	GlobalSection(ExtensibilityGlobals) = postSolution
		SolutionGuid = {631480DF-8576-48D7-829F-F70E5FFDB294}
	EndGlobalSection
EndGlobal
